
Microsoft Visual Studio Solution File, Format Version 12.00
# Visual Studio 15
VisualStudioVersion = 15.0.27703.2035
MinimumVisualStudioVersion = 10.0.40219.1
Project("{FAE04EC0-301F-11D3-BF4B-00C04F79EFBC}") = "GymBooking Ver0.1", "GymBooking Ver0.1\GymBooking Ver0.1.csproj", "{1D84A358-7934-40F6-A2D5-5E0399A68CC8}"
EndProject
Global
	GlobalSection(SolutionConfigurationPlatforms) = preSolution
		Debug|Any CPU = Debug|Any CPU
		Release|Any CPU = Release|Any CPU
	EndGlobalSection
	GlobalSection(ProjectConfigurationPlatforms) = postSolution
		{1D84A358-7934-40F6-A2D5-5E0399A68CC8}.Debug|Any CPU.ActiveCfg = Debug|Any CPU
		{1D84A358-7934-40F6-A2D5-5E0399A68CC8}.Debug|Any CPU.Build.0 = Debug|Any CPU
		{1D84A358-7934-40F6-A2D5-5E0399A68CC8}.Release|Any CPU.ActiveCfg = Release|Any CPU
		{1D84A358-7934-40F6-A2D5-5E0399A68CC8}.Release|Any CPU.Build.0 = Release|Any CPU
	EndGlobalSection
	GlobalSection(SolutionProperties) = preSolution
		HideSolutionNode = FALSE
	EndGlobalSection
	GlobalSection(ExtensibilityGlobals) = postSolution
		SolutionGuid = {C0EB057C-A8A1-41D1-A5B5-C3C3745AE3E1}
	EndGlobalSection
EndGlobal
